<?xml version="1.0" encoding="utf-8"?>
<Project ToolsVersion="4.0" xmlns="http://schemas.microsoft.com/developer/msbuild/2003">
   <ItemGroup>
      <Filter Include="Source Files">
         <UniqueIdentifier>{48e5404b-c36c-466e-a76b-99a9e32d0fbe}</UniqueIdentifier>
         <Extensions>cpp;c;cxx;rc;def;r;odl;idl;hpj;bat;cc</Extensions>
      </Filter>
      <Filter Include="Source Files\source">
         <UniqueIdentifier>{3865d74b-8c6d-42f9-a77a-8de2bb707c55}</UniqueIdentifier>
      </Filter>
   </ItemGroup>
  <ItemGroup>
    <ResourceCompile Include="Torque.rc">
      <Filter>Source Files</Filter>
    </ResourceCompile>
  </ItemGroup>
   <ItemGroup>
      <ClCompile Include="..\..\..\..\..\Engine\source\main\main.cpp">
         <Filter>Source Files\source</Filter>
      </ClCompile>
   </ItemGroup>
   <ItemGroup>
   </ItemGroup>
   <ItemGroup>
   </ItemGroup>
</Project>